
Microsoft Visual Studio Solution File, Format Version 12.00
# Visual Studio Version 17
VisualStudioVersion = 17.0.31903.59
MinimumVisualStudioVersion = 10.0.40219.1
Project("{FAE04EC0-301F-11D3-BF4B-00C04F79EFBC}") = "ExemploFundamentos", "ExemploFundamentos\ExemploFundamentos.csproj", "{0357C3D0-83F0-4D5E-A38E-1A75DF97B913}"
EndProject
Project("{FAE04EC0-301F-11D3-BF4B-00C04F79EFBC}") = "ExemploFundamentos.Common", "ExemploFundamentos.Common\ExemploFundamentos.Common.csproj", "{8D2E9269-6240-41D8-A512-2B8AEFAEA0CF}"
EndProject
Global
	GlobalSection(SolutionConfigurationPlatforms) = preSolution
		Debug|Any CPU = Debug|Any CPU
		Release|Any CPU = Release|Any CPU
	EndGlobalSection
	GlobalSection(SolutionProperties) = preSolution
		HideSolutionNode = FALSE
	EndGlobalSection
	GlobalSection(ProjectConfigurationPlatforms) = postSolution
		{0357C3D0-83F0-4D5E-A38E-1A75DF97B913}.Debug|Any CPU.ActiveCfg = Debug|Any CPU
		{0357C3D0-83F0-4D5E-A38E-1A75DF97B913}.Debug|Any CPU.Build.0 = Debug|Any CPU
		{0357C3D0-83F0-4D5E-A38E-1A75DF97B913}.Release|Any CPU.ActiveCfg = Release|Any CPU
		{0357C3D0-83F0-4D5E-A38E-1A75DF97B913}.Release|Any CPU.Build.0 = Release|Any CPU
		{8D2E9269-6240-41D8-A512-2B8AEFAEA0CF}.Debug|Any CPU.ActiveCfg = Debug|Any CPU
		{8D2E9269-6240-41D8-A512-2B8AEFAEA0CF}.Debug|Any CPU.Build.0 = Debug|Any CPU
		{8D2E9269-6240-41D8-A512-2B8AEFAEA0CF}.Release|Any CPU.ActiveCfg = Release|Any CPU
		{8D2E9269-6240-41D8-A512-2B8AEFAEA0CF}.Release|Any CPU.Build.0 = Release|Any CPU
	EndGlobalSection
EndGlobal
